{
  "name": "mlem-trending",
  "version": "1.0.0",
  "lockfileVersion": 3,
  "requires": true,
  "packages": {
    "": {
      "name": "mlem-trending",
      "version": "1.0.0",
      "license": "ISC",
      "dependencies": {
        "console-table-printer": "^2.11.2",
        "runtypes": "^6.7.0",
        "typescript": "^5.2.2"
      },
      "devDependencies": {
        "@types/node": "^20.7.0"
      },
      "engines": {
        "node": ">=16.0.0"
      }
    },
    "node_modules/@types/node": {
      "version": "20.7.0",
      "resolved": "https://registry.npmjs.org/@types/node/-/node-20.7.0.tgz",
      "integrity": "sha512-zI22/pJW2wUZOVyguFaUL1HABdmSVxpXrzIqkjsHmyUjNhPoWM1CKfvVuXfetHhIok4RY573cqS0mZ1SJEnoTg==",
      "dev": true
    },
    "node_modules/console-table-printer": {
      "version": "2.11.2",
      "resolved": "https://registry.npmjs.org/console-table-printer/-/console-table-printer-2.11.2.tgz",
      "integrity": "sha512-uuUHie0sfPP542TKGzPFal0W1wo1beuKAqIZdaavcONx8OoqdnJRKjkinbRTOta4FaCa1RcIL+7mMJWX3pQGVg==",
      "dependencies": {
        "simple-wcswidth": "^1.0.1"
      }
    },
    "node_modules/runtypes": {
      "version": "6.7.0",
      "resolved": "https://registry.npmjs.org/runtypes/-/runtypes-6.7.0.tgz",
      "integrity": "sha512-3TLdfFX8YHNFOhwHrSJza6uxVBmBrEjnNQlNXvXCdItS0Pdskfg5vVXUTWIN+Y23QR09jWpSl99UHkA83m4uWA=="
    },
    "node_modules/simple-wcswidth": {
      "version": "1.0.1",
      "resolved": "https://registry.npmjs.org/simple-wcswidth/-/simple-wcswidth-1.0.1.tgz",
      "integrity": "sha512-xMO/8eNREtaROt7tJvWJqHBDTMFN4eiQ5I4JRMuilwfnFcV5W9u7RUkueNkdw0jPqGMX36iCywelS5yilTuOxg=="
    },
    "node_modules/typescript": {
      "version": "5.2.2",
      "resolved": "https://registry.npmjs.org/typescript/-/typescript-5.2.2.tgz",
      "integrity": "sha512-mI4WrpHsbCIcwT9cF4FZvr80QUeKvsUsUvKDoR+X/7XHQH98xYD8YHZg7ANtz2GtZt/CBq2QJ0thkGJMHfqc1w==",
      "bin": {
        "tsc": "bin/tsc",
        "tsserver": "bin/tsserver"
      },
      "engines": {
        "node": ">=14.17"
      }
    }
  }
}
